// !$*UTF8*$!
{
	archiveVersion = 1;
	classes = {
	};
	objectVersion = 56;
	objects = {

/* Begin PBXBuildFile section */
		B2B7B4E72AA1F752007F94AF /* iExpenseApp.swift in Sources */ = {isa = PBXBuildFile; fileRef = B2B7B4E62AA1F752007F94AF /* iExpenseApp.swift */; };
		B2B7B4E92AA1F752007F94AF /* ContentView.swift in Sources */ = {isa = PBXBuildFile; fileRef = B2B7B4E82AA1F752007F94AF /* ContentView.swift */; };
		B2B7B4EB2AA1F753007F94AF /* Assets.xcassets in Resources */ = {isa = PBXBuildFile; fileRef = B2B7B4EA2AA1F753007F94AF /* Assets.xcassets */; };
		B2B7B4EE2AA1F753007F94AF /* Preview Assets.xcassets in Resources */ = {isa = PBXBuildFile; fileRef = B2B7B4ED2AA1F753007F94AF /* Preview Assets.xcassets */; };
		B2B7B4F82AA1F753007F94AF /* iExpenseTests.swift in Sources */ = {isa = PBXBuildFile; fileRef = B2B7B4F72AA1F753007F94AF /* iExpenseTests.swift */; };
		B2B7B5022AA1F753007F94AF /* iExpenseUITests.swift in Sources */ = {isa = PBXBuildFile; fileRef = B2B7B5012AA1F753007F94AF /* iExpenseUITests.swift */; };
		B2B7B5042AA1F753007F94AF /* iExpenseUITestsLaunchTests.swift in Sources */ = {isa = PBXBuildFile; fileRef = B2B7B5032AA1F753007F94AF /* iExpenseUITestsLaunchTests.swift */; };
		B2C2F6192AA5FFA800F5DEB9 /* ExpenseItem.swift in Sources */ = {isa = PBXBuildFile; fileRef = B2C2F6182AA5FFA800F5DEB9 /* ExpenseItem.swift */; };
		B2C2F61B2AA5FFE900F5DEB9 /* Expenses.swift in Sources */ = {isa = PBXBuildFile; fileRef = B2C2F61A2AA5FFE900F5DEB9 /* Expenses.swift */; };
/* End PBXBuildFile section */

/* Begin PBXContainerItemProxy section */
		B2B7B4F42AA1F753007F94AF /* PBXContainerItemProxy */ = {
			isa = PBXContainerItemProxy;
			containerPortal = B2B7B4DB2AA1F752007F94AF /* Project object */;
			proxyType = 1;
			remoteGlobalIDString = B2B7B4E22AA1F752007F94AF;
			remoteInfo = iExpense;
		};
		B2B7B4FE2AA1F753007F94AF /* PBXContainerItemProxy */ = {
			isa = PBXContainerItemProxy;
			containerPortal = B2B7B4DB2AA1F752007F94AF /* Project object */;
			proxyType = 1;
			remoteGlobalIDString = B2B7B4E22AA1F752007F94AF;
			remoteInfo = iExpense;
		};
/* End PBXContainerItemProxy section */

/* Begin PBXFileReference section */
		B2B7B4E32AA1F752007F94AF /* iExpense.app */ = {isa = PBXFileReference; explicitFileType = wrapper.application; includeInIndex = 0; path = iExpense.app; sourceTree = BUILT_PRODUCTS_DIR; };
		B2B7B4E62AA1F752007F94AF /* iExpenseApp.swift */ = {isa = PBXFileReference; lastKnownFileType = sourcecode.swift; path = iExpenseApp.swift; sourceTree = "<group>"; };
		B2B7B4E82AA1F752007F94AF /* ContentView.swift */ = {isa = PBXFileReference; lastKnownFileType = sourcecode.swift; path = ContentView.swift; sourceTree = "<group>"; };
		B2B7B4EA2AA1F753007F94AF /* Assets.xcassets */ = {isa = PBXFileReference; lastKnownFileType = folder.assetcatalog; path = Assets.xcassets; sourceTree = "<group>"; };
		B2B7B4ED2AA1F753007F94AF /* Preview Assets.xcassets */ = {isa = PBXFileReference; lastKnownFileType = folder.assetcatalog; path = "Preview Assets.xcassets"; sourceTree = "<group>"; };
		B2B7B4F32AA1F753007F94AF /* iExpenseTests.xctest */ = {isa = PBXFileReference; explicitFileType = wrapper.cfbundle; includeInIndex = 0; path = iExpenseTests.xctest; sourceTree = BUILT_PRODUCTS_DIR; };
		B2B7B4F72AA1F753007F94AF /* iExpenseTests.swift */ = {isa = PBXFileReference; lastKnownFileType = sourcecode.swift; path = iExpenseTests.swift; sourceTree = "<group>"; };
		B2B7B4FD2AA1F753007F94AF /* iExpenseUITests.xctest */ = {isa = PBXFileReference; explicitFileType = wrapper.cfbundle; includeInIndex = 0; path = iExpenseUITests.xctest; sourceTree = BUILT_PRODUCTS_DIR; };
		B2B7B5012AA1F753007F94AF /* iExpenseUITests.swift */ = {isa = PBXFileReference; lastKnownFileType = sourcecode.swift; path = iExpenseUITests.swift; sourceTree = "<group>"; };
		B2B7B5032AA1F753007F94AF /* iExpenseUITestsLaunchTests.swift */ = {isa = PBXFileReference; lastKnownFileType = sourcecode.swift; path = iExpenseUITestsLaunchTests.swift; sourceTree = "<group>"; };
		B2C2F6182AA5FFA800F5DEB9 /* ExpenseItem.swift */ = {isa = PBXFileReference; lastKnownFileType = sourcecode.swift; path = ExpenseItem.swift; sourceTree = "<group>"; };
		B2C2F61A2AA5FFE900F5DEB9 /* Expenses.swift */ = {isa = PBXFileReference; lastKnownFileType = sourcecode.swift; path = Expenses.swift; sourceTree = "<group>"; };
/* End PBXFileReference section */

/* Begin PBXFrameworksBuildPhase section */
		B2B7B4E02AA1F752007F94AF /* Frameworks */ = {
			isa = PBXFrameworksBuildPhase;
			buildActionMask = 2147483647;
			files = (
			);
			runOnlyForDeploymentPostprocessing = 0;
		};
		B2B7B4F02AA1F753007F94AF /* Frameworks */ = {
			isa = PBXFrameworksBuildPhase;
			buildActionMask = 2147483647;
			files = (
			);
			runOnlyForDeploymentPostprocessing = 0;
		};
		B2B7B4FA2AA1F753007F94AF /* Frameworks */ = {
			isa = PBXFrameworksBuildPhase;
			buildActionMask = 2147483647;
			files = (
			);
			runOnlyForDeploymentPostprocessing = 0;
		};
/* End PBXFrameworksBuildPhase section */

/* Begin PBXGroup section */
		B2B7B4DA2AA1F752007F94AF = {
			isa = PBXGroup;
			children = (
				B2B7B4E52AA1F752007F94AF /* iExpense */,
				B2B7B4F62AA1F753007F94AF /* iExpenseTests */,
				B2B7B5002AA1F753007F94AF /* iExpenseUITests */,
				B2B7B4E42AA1F752007F94AF /* Products */,
			);
			sourceTree = "<group>";
		};
		B2B7B4E42AA1F752007F94AF /* Products */ = {
			isa = PBXGroup;
			children = (
				B2B7B4E32AA1F752007F94AF /* iExpense.app */,
				B2B7B4F32AA1F753007F94AF /* iExpenseTests.xctest */,
				B2B7B4FD2AA1F753007F94AF /* iExpenseUITests.xctest */,
			);
			name = Products;
			sourceTree = "<group>";
		};
		B2B7B4E52AA1F752007F94AF /* iExpense */ = {
			isa = PBXGroup;
			children = (
				B2B7B4E62AA1F752007F94AF /* iExpenseApp.swift */,
				B2B7B4E82AA1F752007F94AF /* ContentView.swift */,
				B2C2F6182AA5FFA800F5DEB9 /* ExpenseItem.swift */,
				B2C2F61A2AA5FFE900F5DEB9 /* Expenses.swift */,
				B2B7B4EA2AA1F753007F94AF /* Assets.xcassets */,
				B2B7B4EC2AA1F753007F94AF /* Preview Content */,
			);
			path = iExpense;
			sourceTree = "<group>";
		};
		B2B7B4EC2AA1F753007F94AF /* Preview Content */ = {
			isa = PBXGroup;
			children = (
				B2B7B4ED2AA1F753007F94AF /* Preview Assets.xcassets */,
			);
			path = "Preview Content";
			sourceTree = "<group>";
		};
		B2B7B4F62AA1F753007F94AF /* iExpenseTests */ = {
			isa = PBXGroup;
			children = (
				B2B7B4F72AA1F753007F94AF /* iExpenseTests.swift */,
			);
			path = iExpenseTests;
			sourceTree = "<group>";
		};
		B2B7B5002AA1F753007F94AF /* iExpenseUITests */ = {
			isa = PBXGroup;
			children = (
				B2B7B5012AA1F753007F94AF /* iExpenseUITests.swift */,
				B2B7B5032AA1F753007F94AF /* iExpenseUITestsLaunchTests.swift */,
			);
			path = iExpenseUITests;
			sourceTree = "<group>";
		};
/* End PBXGroup section */

/* Begin PBXNativeTarget section */
		B2B7B4E22AA1F752007F94AF /* iExpense */ = {
			isa = PBXNativeTarget;
			buildConfigurationList = B2B7B5072AA1F753007F94AF /* Build configuration list for PBXNativeTarget "iExpense" */;
			buildPhases = (
				B2B7B4DF2AA1F752007F94AF /* Sources */,
				B2B7B4E02AA1F752007F94AF /* Frameworks */,
				B2B7B4E12AA1F752007F94AF /* Resources */,
			);
			buildRules = (
			);
			dependencies = (
			);
			name = iExpense;
			productName = iExpense;
			productReference = B2B7B4E32AA1F752007F94AF /* iExpense.app */;
			productType = "com.apple.product-type.application";
		};
		B2B7B4F22AA1F753007F94AF /* iExpenseTests */ = {
			isa = PBXNativeTarget;
			buildConfigurationList = B2B7B50A2AA1F753007F94AF /* Build configuration list for PBXNativeTarget "iExpenseTests" */;
			buildPhases = (
				B2B7B4EF2AA1F753007F94AF /* Sources */,
				B2B7B4F02AA1F753007F94AF /* Frameworks */,
				B2B7B4F12AA1F753007F94AF /* Resources */,
			);
			buildRules = (
			);
			dependencies = (
				B2B7B4F52AA1F753007F94AF /* PBXTargetDependency */,
			);
			name = iExpenseTests;
			productName = iExpenseTests;
			productReference = B2B7B4F32AA1F753007F94AF /* iExpenseTests.xctest */;
			productType = "com.apple.product-type.bundle.unit-test";
		};
		B2B7B4FC2AA1F753007F94AF /* iExpenseUITests */ = {
			isa = PBXNativeTarget;
			buildConfigurationList = B2B7B50D2AA1F753007F94AF /* Build configuration list for PBXNativeTarget "iExpenseUITests" */;
			buildPhases = (
				B2B7B4F92AA1F753007F94AF /* Sources */,
				B2B7B4FA2AA1F753007F94AF /* Frameworks */,
				B2B7B4FB2AA1F753007F94AF /* Resources */,
			);
			buildRules = (
			);
			dependencies = (
				B2B7B4FF2AA1F753007F94AF /* PBXTargetDependency */,
			);
			name = iExpenseUITests;
			productName = iExpenseUITests;
			productReference = B2B7B4FD2AA1F753007F94AF /* iExpenseUITests.xctest */;
			productType = "com.apple.product-type.bundle.ui-testing";
		};
/* End PBXNativeTarget section */

/* Begin PBXProject section */
		B2B7B4DB2AA1F752007F94AF /* Project object */ = {
			isa = PBXProject;
			attributes = {
				BuildIndependentTargetsInParallel = 1;
				LastSwiftUpdateCheck = 1430;
				LastUpgradeCheck = 1430;
				TargetAttributes = {
					B2B7B4E22AA1F752007F94AF = {
						CreatedOnToolsVersion = 14.3.1;
					};
					B2B7B4F22AA1F753007F94AF = {
						CreatedOnToolsVersion = 14.3.1;
						TestTargetID = B2B7B4E22AA1F752007F94AF;
					};
					B2B7B4FC2AA1F753007F94AF = {
						CreatedOnToolsVersion = 14.3.1;
						TestTargetID = B2B7B4E22AA1F752007F94AF;
					};
				};
			};
			buildConfigurationList = B2B7B4DE2AA1F752007F94AF /* Build configuration list for PBXProject "iExpense" */;
			compatibilityVersion = "Xcode 14.0";
			developmentRegion = en;
			hasScannedForEncodings = 0;
			knownRegions = (
				en,
				Base,
			);
			mainGroup = B2B7B4DA2AA1F752007F94AF;
			productRefGroup = B2B7B4E42AA1F752007F94AF /* Products */;
			projectDirPath = "";
			projectRoot = "";
			targets = (
				B2B7B4E22AA1F752007F94AF /* iExpense */,
				B2B7B4F22AA1F753007F94AF /* iExpenseTests */,
				B2B7B4FC2AA1F753007F94AF /* iExpenseUITests */,
			);
		};
/* End PBXProject section */

/* Begin PBXResourcesBuildPhase section */
		B2B7B4E12AA1F752007F94AF /* Resources */ = {
			isa = PBXResourcesBuildPhase;
			buildActionMask = 2147483647;
			files = (
				B2B7B4EE2AA1F753007F94AF /* Preview Assets.xcassets in Resources */,
				B2B7B4EB2AA1F753007F94AF /* Assets.xcassets in Resources */,
			);
			runOnlyForDeploymentPostprocessing = 0;
		};
		B2B7B4F12AA1F753007F94AF /* Resources */ = {
			isa = PBXResourcesBuildPhase;
			buildActionMask = 2147483647;
			files = (
			);
			runOnlyForDeploymentPostprocessing = 0;
		};
		B2B7B4FB2AA1F753007F94AF /* Resources */ = {
			isa = PBXResourcesBuildPhase;
			buildActionMask = 2147483647;
			files = (
			);
			runOnlyForDeploymentPostprocessing = 0;
		};
/* End PBXResourcesBuildPhase section */

/* Begin PBXSourcesBuildPhase section */
		B2B7B4DF2AA1F752007F94AF /* Sources */ = {
			isa = PBXSourcesBuildPhase;
			buildActionMask = 2147483647;
			files = (
				B2C2F61B2AA5FFE900F5DEB9 /* Expenses.swift in Sources */,
				B2B7B4E92AA1F752007F94AF /* ContentView.swift in Sources */,
				B2C2F6192AA5FFA800F5DEB9 /* ExpenseItem.swift in Sources */,
				B2B7B4E72AA1F752007F94AF /* iExpenseApp.swift in Sources */,
			);
			runOnlyForDeploymentPostprocessing = 0;
		};
		B2B7B4EF2AA1F753007F94AF /* Sources */ = {
			isa = PBXSourcesBuildPhase;
			buildActionMask = 2147483647;
			files = (
				B2B7B4F82AA1F753007F94AF /* iExpenseTests.swift in Sources */,
			);
			runOnlyForDeploymentPostprocessing = 0;
		};
		B2B7B4F92AA1F753007F94AF /* Sources */ = {
			isa = PBXSourcesBuildPhase;
			buildActionMask = 2147483647;
			files = (
				B2B7B5042AA1F753007F94AF /* iExpenseUITestsLaunchTests.swift in Sources */,
				B2B7B5022AA1F753007F94AF /* iExpenseUITests.swift in Sources */,
			);
			runOnlyForDeploymentPostprocessing = 0;
		};
/* End PBXSourcesBuildPhase section */

/* Begin PBXTargetDependency section */
		B2B7B4F52AA1F753007F94AF /* PBXTargetDependency */ = {
			isa = PBXTargetDependency;
			target = B2B7B4E22AA1F752007F94AF /* iExpense */;
			targetProxy = B2B7B4F42AA1F753007F94AF /* PBXContainerItemProxy */;
		};
		B2B7B4FF2AA1F753007F94AF /* PBXTargetDependency */ = {
			isa = PBXTargetDependency;
			target = B2B7B4E22AA1F752007F94AF /* iExpense */;
			targetProxy = B2B7B4FE2AA1F753007F94AF /* PBXContainerItemProxy */;
		};
/* End PBXTargetDependency section */

/* Begin XCBuildConfiguration section */
		B2B7B5052AA1F753007F94AF /* Debug */ = {
			isa = XCBuildConfiguration;
			buildSettings = {
				ALWAYS_SEARCH_USER_PATHS = NO;
				CLANG_ANALYZER_NONNULL = YES;
				CLANG_ANALYZER_NUMBER_OBJECT_CONVERSION = YES_AGGRESSIVE;
				CLANG_CXX_LANGUAGE_STANDARD = "gnu++20";
				CLANG_ENABLE_MODULES = YES;
				CLANG_ENABLE_OBJC_ARC = YES;
				CLANG_ENABLE_OBJC_WEAK = YES;
				CLANG_WARN_BLOCK_CAPTURE_AUTORELEASING = YES;
				CLANG_WARN_BOOL_CONVERSION = YES;
				CLANG_WARN_COMMA = YES;
				CLANG_WARN_CONSTANT_CONVERSION = YES;
				CLANG_WARN_DEPRECATED_OBJC_IMPLEMENTATIONS = YES;
				CLANG_WARN_DIRECT_OBJC_ISA_USAGE = YES_ERROR;
				CLANG_WARN_DOCUMENTATION_COMMENTS = YES;
				CLANG_WARN_EMPTY_BODY = YES;
				CLANG_WARN_ENUM_CONVERSION = YES;
				CLANG_WARN_INFINITE_RECURSION = YES;
				CLANG_WARN_INT_CONVERSION = YES;
				CLANG_WARN_NON_LITERAL_NULL_CONVERSION = YES;
				CLANG_WARN_OBJC_IMPLICIT_RETAIN_SELF = YES;
				CLANG_WARN_OBJC_LITERAL_CONVERSION = YES;
				CLANG_WARN_OBJC_ROOT_CLASS = YES_ERROR;
				CLANG_WARN_QUOTED_INCLUDE_IN_FRAMEWORK_HEADER = YES;
				CLANG_WARN_RANGE_LOOP_ANALYSIS = YES;
				CLANG_WARN_STRICT_PROTOTYPES = YES;
				CLANG_WARN_SUSPICIOUS_MOVE = YES;
				CLANG_WARN_UNGUARDED_AVAILABILITY = YES_AGGRESSIVE;
				CLANG_WARN_UNREACHABLE_CODE = YES;
				CLANG_WARN__DUPLICATE_METHOD_MATCH = YES;
				COPY_PHASE_STRIP = NO;
				DEBUG_INFORMATION_FORMAT = dwarf;
				ENABLE_STRICT_OBJC_MSGSEND = YES;
				ENABLE_TESTABILITY = YES;
				GCC_C_LANGUAGE_STANDARD = gnu11;
				GCC_DYNAMIC_NO_PIC = NO;
				GCC_NO_COMMON_BLOCKS = YES;
				GCC_OPTIMIZATION_LEVEL = 0;
				GCC_PREPROCESSOR_DEFINITIONS = (
					"DEBUG=1",
					"$(inherited)",
				);
				GCC_WARN_64_TO_32_BIT_CONVERSION = YES;
				GCC_WARN_ABOUT_RETURN_TYPE = YES_ERROR;
				GCC_WARN_UNDECLARED_SELECTOR = YES;
				GCC_WARN_UNINITIALIZED_AUTOS = YES_AGGRESSIVE;
				GCC_WARN_UNUSED_FUNCTION = YES;
				GCC_WARN_UNUSED_VARIABLE = YES;
				IPHONEOS_DEPLOYMENT_TARGET = 16.4;
				MTL_ENABLE_DEBUG_INFO = INCLUDE_SOURCE;
				MTL_FAST_MATH = YES;
				ONLY_ACTIVE_ARCH = YES;
				SDKROOT = iphoneos;
				SWIFT_ACTIVE_COMPILATION_CONDITIONS = DEBUG;
				SWIFT_OPTIMIZATION_LEVEL = "-Onone";
			};
			name = Debug;
		};
		B2B7B5062AA1F753007F94AF /* Release */ = {
			isa = XCBuildConfiguration;
			buildSettings = {
				ALWAYS_SEARCH_USER_PATHS = NO;
				CLANG_ANALYZER_NONNULL = YES;
				CLANG_ANALYZER_NUMBER_OBJECT_CONVERSION = YES_AGGRESSIVE;
				CLANG_CXX_LANGUAGE_STANDARD = "gnu++20";
				CLANG_ENABLE_MODULES = YES;
				CLANG_ENABLE_OBJC_ARC = YES;
				CLANG_ENABLE_OBJC_WEAK = YES;
				CLANG_WARN_BLOCK_CAPTURE_AUTORELEASING = YES;
				CLANG_WARN_BOOL_CONVERSION = YES;
				CLANG_WARN_COMMA = YES;
				CLANG_WARN_CONSTANT_CONVERSION = YES;
				CLANG_WARN_DEPRECATED_OBJC_IMPLEMENTATIONS = YES;
				CLANG_WARN_DIRECT_OBJC_ISA_USAGE = YES_ERROR;
				CLANG_WARN_DOCUMENTATION_COMMENTS = YES;
				CLANG_WARN_EMPTY_BODY = YES;
				CLANG_WARN_ENUM_CONVERSION = YES;
				CLANG_WARN_INFINITE_RECURSION = YES;
				CLANG_WARN_INT_CONVERSION = YES;
				CLANG_WARN_NON_LITERAL_NULL_CONVERSION = YES;
				CLANG_WARN_OBJC_IMPLICIT_RETAIN_SELF = YES;
				CLANG_WARN_OBJC_LITERAL_CONVERSION = YES;
				CLANG_WARN_OBJC_ROOT_CLASS = YES_ERROR;
				CLANG_WARN_QUOTED_INCLUDE_IN_FRAMEWORK_HEADER = YES;
				CLANG_WARN_RANGE_LOOP_ANALYSIS = YES;
				CLANG_WARN_STRICT_PROTOTYPES = YES;
				CLANG_WARN_SUSPICIOUS_MOVE = YES;
				CLANG_WARN_UNGUARDED_AVAILABILITY = YES_AGGRESSIVE;
				CLANG_WARN_UNREACHABLE_CODE = YES;
				CLANG_WARN__DUPLICATE_METHOD_MATCH = YES;
				COPY_PHASE_STRIP = NO;
				DEBUG_INFORMATION_FORMAT = "dwarf-with-dsym";
				ENABLE_NS_ASSERTIONS = NO;
				ENABLE_STRICT_OBJC_MSGSEND = YES;
				GCC_C_LANGUAGE_STANDARD = gnu11;
				GCC_NO_COMMON_BLOCKS = YES;
				GCC_WARN_64_TO_32_BIT_CONVERSION = YES;
				GCC_WARN_ABOUT_RETURN_TYPE = YES_ERROR;
				GCC_WARN_UNDECLARED_SELECTOR = YES;
				GCC_WARN_UNINITIALIZED_AUTOS = YES_AGGRESSIVE;
				GCC_WARN_UNUSED_FUNCTION = YES;
				GCC_WARN_UNUSED_VARIABLE = YES;
				IPHONEOS_DEPLOYMENT_TARGET = 16.4;
				MTL_ENABLE_DEBUG_INFO = NO;
				MTL_FAST_MATH = YES;
				SDKROOT = iphoneos;
				SWIFT_COMPILATION_MODE = wholemodule;
				SWIFT_OPTIMIZATION_LEVEL = "-O";
				VALIDATE_PRODUCT = YES;
			};
			name = Release;
		};
		B2B7B5082AA1F753007F94AF /* Debug */ = {
			isa = XCBuildConfiguration;
			buildSettings = {
				ASSETCATALOG_COMPILER_APPICON_NAME = AppIcon;
				ASSETCATALOG_COMPILER_GLOBAL_ACCENT_COLOR_NAME = AccentColor;
				CODE_SIGN_STYLE = Automatic;
				CURRENT_PROJECT_VERSION = 1;
				DEVELOPMENT_ASSET_PATHS = "\"iExpense/Preview Content\"";
				ENABLE_PREVIEWS = YES;
				GENERATE_INFOPLIST_FILE = YES;
				INFOPLIST_KEY_UIApplicationSceneManifest_Generation = YES;
				INFOPLIST_KEY_UIApplicationSupportsIndirectInputEvents = YES;
				INFOPLIST_KEY_UILaunchScreen_Generation = YES;
				INFOPLIST_KEY_UISupportedInterfaceOrientations_iPad = "UIInterfaceOrientationPortrait UIInterfaceOrientationPortraitUpsideDown UIInterfaceOrientationLandscapeLeft UIInterfaceOrientationLandscapeRight";
				INFOPLIST_KEY_UISupportedInterfaceOrientations_iPhone = "UIInterfaceOrientationPortrait UIInterfaceOrientationLandscapeLeft UIInterfaceOrientationLandscapeRight";
				LD_RUNPATH_SEARCH_PATHS = (
					"$(inherited)",
					"@executable_path/Frameworks",
				);
				MARKETING_VERSION = 1.0;
				PRODUCT_BUNDLE_IDENTIFIER = micolCODES.iExpense;
				PRODUCT_NAME = "$(TARGET_NAME)";
				SWIFT_EMIT_LOC_STRINGS = YES;
				SWIFT_VERSION = 5.0;
				TARGETED_DEVICE_FAMILY = "1,2";
			};
			name = Debug;
		};
		B2B7B5092AA1F753007F94AF /* Release */ = {
			isa = XCBuildConfiguration;
			buildSettings = {
				ASSETCATALOG_COMPILER_APPICON_NAME = AppIcon;
				ASSETCATALOG_COMPILER_GLOBAL_ACCENT_COLOR_NAME = AccentColor;
				CODE_SIGN_STYLE = Automatic;
				CURRENT_PROJECT_VERSION = 1;
				DEVELOPMENT_ASSET_PATHS = "\"iExpense/Preview Content\"";
				ENABLE_PREVIEWS = YES;
				GENERATE_INFOPLIST_FILE = YES;
				INFOPLIST_KEY_UIApplicationSceneManifest_Generation = YES;
				INFOPLIST_KEY_UIApplicationSupportsIndirectInputEvents = YES;
				INFOPLIST_KEY_UILaunchScreen_Generation = YES;
				INFOPLIST_KEY_UISupportedInterfaceOrientations_iPad = "UIInterfaceOrientationPortrait UIInterfaceOrientationPortraitUpsideDown UIInterfaceOrientationLandscapeLeft UIInterfaceOrientationLandscapeRight";
				INFOPLIST_KEY_UISupportedInterfaceOrientations_iPhone = "UIInterfaceOrientationPortrait UIInterfaceOrientationLandscapeLeft UIInterfaceOrientationLandscapeRight";
				LD_RUNPATH_SEARCH_PATHS = (
					"$(inherited)",
					"@executable_path/Frameworks",
				);
				MARKETING_VERSION = 1.0;
				PRODUCT_BUNDLE_IDENTIFIER = micolCODES.iExpense;
				PRODUCT_NAME = "$(TARGET_NAME)";
				SWIFT_EMIT_LOC_STRINGS = YES;
				SWIFT_VERSION = 5.0;
				TARGETED_DEVICE_FAMILY = "1,2";
			};
			name = Release;
		};
		B2B7B50B2AA1F753007F94AF /* Debug */ = {
			isa = XCBuildConfiguration;
			buildSettings = {
				ALWAYS_EMBED_SWIFT_STANDARD_LIBRARIES = YES;
				BUNDLE_LOADER = "$(TEST_HOST)";
				CODE_SIGN_STYLE = Automatic;
				CURRENT_PROJECT_VERSION = 1;
				GENERATE_INFOPLIST_FILE = YES;
				IPHONEOS_DEPLOYMENT_TARGET = 16.4;
				MARKETING_VERSION = 1.0;
				PRODUCT_BUNDLE_IDENTIFIER = micolCODES.iExpenseTests;
				PRODUCT_NAME = "$(TARGET_NAME)";
				SWIFT_EMIT_LOC_STRINGS = NO;
				SWIFT_VERSION = 5.0;
				TARGETED_DEVICE_FAMILY = "1,2";
				TEST_HOST = "$(BUILT_PRODUCTS_DIR)/iExpense.app/$(BUNDLE_EXECUTABLE_FOLDER_PATH)/iExpense";
			};
			name = Debug;
		};
		B2B7B50C2AA1F753007F94AF /* Release */ = {
			isa = XCBuildConfiguration;
			buildSettings = {
				ALWAYS_EMBED_SWIFT_STANDARD_LIBRARIES = YES;
				BUNDLE_LOADER = "$(TEST_HOST)";
				CODE_SIGN_STYLE = Automatic;
				CURRENT_PROJECT_VERSION = 1;
				GENERATE_INFOPLIST_FILE = YES;
				IPHONEOS_DEPLOYMENT_TARGET = 16.4;
				MARKETING_VERSION = 1.0;
				PRODUCT_BUNDLE_IDENTIFIER = micolCODES.iExpenseTests;
				PRODUCT_NAME = "$(TARGET_NAME)";
				SWIFT_EMIT_LOC_STRINGS = NO;
				SWIFT_VERSION = 5.0;
				TARGETED_DEVICE_FAMILY = "1,2";
				TEST_HOST = "$(BUILT_PRODUCTS_DIR)/iExpense.app/$(BUNDLE_EXECUTABLE_FOLDER_PATH)/iExpense";
			};
			name = Release;
		};
		B2B7B50E2AA1F753007F94AF /* Debug */ = {
			isa = XCBuildConfiguration;
			buildSettings = {
				ALWAYS_EMBED_SWIFT_STANDARD_LIBRARIES = YES;
				CODE_SIGN_STYLE = Automatic;
				CURRENT_PROJECT_VERSION = 1;
				GENERATE_INFOPLIST_FILE = YES;
				MARKETING_VERSION = 1.0;
				PRODUCT_BUNDLE_IDENTIFIER = micolCODES.iExpenseUITests;
				PRODUCT_NAME = "$(TARGET_NAME)";
				SWIFT_EMIT_LOC_STRINGS = NO;
				SWIFT_VERSION = 5.0;
				TARGETED_DEVICE_FAMILY = "1,2";
				TEST_TARGET_NAME = iExpense;
			};
			name = Debug;
		};
		B2B7B50F2AA1F753007F94AF /* Release */ = {
			isa = XCBuildConfiguration;
			buildSettings = {
				ALWAYS_EMBED_SWIFT_STANDARD_LIBRARIES = YES;
				CODE_SIGN_STYLE = Automatic;
				CURRENT_PROJECT_VERSION = 1;
				GENERATE_INFOPLIST_FILE = YES;
				MARKETING_VERSION = 1.0;
				PRODUCT_BUNDLE_IDENTIFIER = micolCODES.iExpenseUITests;
				PRODUCT_NAME = "$(TARGET_NAME)";
				SWIFT_EMIT_LOC_STRINGS = NO;
				SWIFT_VERSION = 5.0;
				TARGETED_DEVICE_FAMILY = "1,2";
				TEST_TARGET_NAME = iExpense;
			};
			name = Release;
		};
/* End XCBuildConfiguration section */

/* Begin XCConfigurationList section */
		B2B7B4DE2AA1F752007F94AF /* Build configuration list for PBXProject "iExpense" */ = {
			isa = XCConfigurationList;
			buildConfigurations = (
				B2B7B5052AA1F753007F94AF /* Debug */,
				B2B7B5062AA1F753007F94AF /* Release */,
			);
			defaultConfigurationIsVisible = 0;
			defaultConfigurationName = Release;
		};
		B2B7B5072AA1F753007F94AF /* Build configuration list for PBXNativeTarget "iExpense" */ = {
			isa = XCConfigurationList;
			buildConfigurations = (
				B2B7B5082AA1F753007F94AF /* Debug */,
				B2B7B5092AA1F753007F94AF /* Release */,
			);
			defaultConfigurationIsVisible = 0;
			defaultConfigurationName = Release;
		};
		B2B7B50A2AA1F753007F94AF /* Build configuration list for PBXNativeTarget "iExpenseTests" */ = {
			isa = XCConfigurationList;
			buildConfigurations = (
				B2B7B50B2AA1F753007F94AF /* Debug */,
				B2B7B50C2AA1F753007F94AF /* Release */,
			);
			defaultConfigurationIsVisible = 0;
			defaultConfigurationName = Release;
		};
		B2B7B50D2AA1F753007F94AF /* Build configuration list for PBXNativeTarget "iExpenseUITests" */ = {
			isa = XCConfigurationList;
			buildConfigurations = (
				B2B7B50E2AA1F753007F94AF /* Debug */,
				B2B7B50F2AA1F753007F94AF /* Release */,
			);
			defaultConfigurationIsVisible = 0;
			defaultConfigurationName = Release;
		};
/* End XCConfigurationList section */
	};
	rootObject = B2B7B4DB2AA1F752007F94AF /* Project object */;
}
