// !$*UTF8*$!
{
	archiveVersion = 1;
	classes = {
	};
	objectVersion = 56;
	objects = {

/* Begin PBXBuildFile section */
		B29FAD2A2AD3100B00DD1DD1 /* BookwormApp.swift in Sources */ = {isa = PBXBuildFile; fileRef = B29FAD292AD3100B00DD1DD1 /* BookwormApp.swift */; };
		B29FAD2C2AD3100B00DD1DD1 /* ContentView.swift in Sources */ = {isa = PBXBuildFile; fileRef = B29FAD2B2AD3100B00DD1DD1 /* ContentView.swift */; };
		B29FAD2E2AD3100C00DD1DD1 /* Assets.xcassets in Resources */ = {isa = PBXBuildFile; fileRef = B29FAD2D2AD3100C00DD1DD1 /* Assets.xcassets */; };
		B29FAD312AD3100C00DD1DD1 /* Preview Assets.xcassets in Resources */ = {isa = PBXBuildFile; fileRef = B29FAD302AD3100C00DD1DD1 /* Preview Assets.xcassets */; };
		B29FAD3B2AD3100D00DD1DD1 /* BookwormTests.swift in Sources */ = {isa = PBXBuildFile; fileRef = B29FAD3A2AD3100D00DD1DD1 /* BookwormTests.swift */; };
		B29FAD452AD3100D00DD1DD1 /* BookwormUITests.swift in Sources */ = {isa = PBXBuildFile; fileRef = B29FAD442AD3100D00DD1DD1 /* BookwormUITests.swift */; };
		B29FAD472AD3100D00DD1DD1 /* BookwormUITestsLaunchTests.swift in Sources */ = {isa = PBXBuildFile; fileRef = B29FAD462AD3100D00DD1DD1 /* BookwormUITestsLaunchTests.swift */; };
		B2F265C82ADDA9F00078629D /* Bookworm.xcdatamodeld in Sources */ = {isa = PBXBuildFile; fileRef = B2F265C62ADDA9F00078629D /* Bookworm.xcdatamodeld */; };
		B2F265CA2ADDAA440078629D /* DataController.swift in Sources */ = {isa = PBXBuildFile; fileRef = B2F265C92ADDAA440078629D /* DataController.swift */; };
		B2FB5E9C2AE2B316003063AE /* AddBookView.swift in Sources */ = {isa = PBXBuildFile; fileRef = B2FB5E9B2AE2B316003063AE /* AddBookView.swift */; };
/* End PBXBuildFile section */

/* Begin PBXContainerItemProxy section */
		B29FAD372AD3100D00DD1DD1 /* PBXContainerItemProxy */ = {
			isa = PBXContainerItemProxy;
			containerPortal = B29FAD1E2AD3100B00DD1DD1 /* Project object */;
			proxyType = 1;
			remoteGlobalIDString = B29FAD252AD3100B00DD1DD1;
			remoteInfo = Bookworm;
		};
		B29FAD412AD3100D00DD1DD1 /* PBXContainerItemProxy */ = {
			isa = PBXContainerItemProxy;
			containerPortal = B29FAD1E2AD3100B00DD1DD1 /* Project object */;
			proxyType = 1;
			remoteGlobalIDString = B29FAD252AD3100B00DD1DD1;
			remoteInfo = Bookworm;
		};
/* End PBXContainerItemProxy section */

/* Begin PBXFileReference section */
		B29FAD262AD3100B00DD1DD1 /* Bookworm.app */ = {isa = PBXFileReference; explicitFileType = wrapper.application; includeInIndex = 0; path = Bookworm.app; sourceTree = BUILT_PRODUCTS_DIR; };
		B29FAD292AD3100B00DD1DD1 /* BookwormApp.swift */ = {isa = PBXFileReference; lastKnownFileType = sourcecode.swift; path = BookwormApp.swift; sourceTree = "<group>"; };
		B29FAD2B2AD3100B00DD1DD1 /* ContentView.swift */ = {isa = PBXFileReference; lastKnownFileType = sourcecode.swift; path = ContentView.swift; sourceTree = "<group>"; };
		B29FAD2D2AD3100C00DD1DD1 /* Assets.xcassets */ = {isa = PBXFileReference; lastKnownFileType = folder.assetcatalog; path = Assets.xcassets; sourceTree = "<group>"; };
		B29FAD302AD3100C00DD1DD1 /* Preview Assets.xcassets */ = {isa = PBXFileReference; lastKnownFileType = folder.assetcatalog; path = "Preview Assets.xcassets"; sourceTree = "<group>"; };
		B29FAD362AD3100D00DD1DD1 /* BookwormTests.xctest */ = {isa = PBXFileReference; explicitFileType = wrapper.cfbundle; includeInIndex = 0; path = BookwormTests.xctest; sourceTree = BUILT_PRODUCTS_DIR; };
		B29FAD3A2AD3100D00DD1DD1 /* BookwormTests.swift */ = {isa = PBXFileReference; lastKnownFileType = sourcecode.swift; path = BookwormTests.swift; sourceTree = "<group>"; };
		B29FAD402AD3100D00DD1DD1 /* BookwormUITests.xctest */ = {isa = PBXFileReference; explicitFileType = wrapper.cfbundle; includeInIndex = 0; path = BookwormUITests.xctest; sourceTree = BUILT_PRODUCTS_DIR; };
		B29FAD442AD3100D00DD1DD1 /* BookwormUITests.swift */ = {isa = PBXFileReference; lastKnownFileType = sourcecode.swift; path = BookwormUITests.swift; sourceTree = "<group>"; };
		B29FAD462AD3100D00DD1DD1 /* BookwormUITestsLaunchTests.swift */ = {isa = PBXFileReference; lastKnownFileType = sourcecode.swift; path = BookwormUITestsLaunchTests.swift; sourceTree = "<group>"; };
		B2F265C72ADDA9F00078629D /* Bookworm.xcdatamodel */ = {isa = PBXFileReference; lastKnownFileType = wrapper.xcdatamodel; path = Bookworm.xcdatamodel; sourceTree = "<group>"; };
		B2F265C92ADDAA440078629D /* DataController.swift */ = {isa = PBXFileReference; lastKnownFileType = sourcecode.swift; path = DataController.swift; sourceTree = "<group>"; };
		B2FB5E9B2AE2B316003063AE /* AddBookView.swift */ = {isa = PBXFileReference; lastKnownFileType = sourcecode.swift; path = AddBookView.swift; sourceTree = "<group>"; };
/* End PBXFileReference section */

/* Begin PBXFrameworksBuildPhase section */
		B29FAD232AD3100B00DD1DD1 /* Frameworks */ = {
			isa = PBXFrameworksBuildPhase;
			buildActionMask = 2147483647;
			files = (
			);
			runOnlyForDeploymentPostprocessing = 0;
		};
		B29FAD332AD3100D00DD1DD1 /* Frameworks */ = {
			isa = PBXFrameworksBuildPhase;
			buildActionMask = 2147483647;
			files = (
			);
			runOnlyForDeploymentPostprocessing = 0;
		};
		B29FAD3D2AD3100D00DD1DD1 /* Frameworks */ = {
			isa = PBXFrameworksBuildPhase;
			buildActionMask = 2147483647;
			files = (
			);
			runOnlyForDeploymentPostprocessing = 0;
		};
/* End PBXFrameworksBuildPhase section */

/* Begin PBXGroup section */
		B29FAD1D2AD3100B00DD1DD1 = {
			isa = PBXGroup;
			children = (
				B2F265C62ADDA9F00078629D /* Bookworm.xcdatamodeld */,
				B2F265C92ADDAA440078629D /* DataController.swift */,
				B29FAD282AD3100B00DD1DD1 /* Bookworm */,
				B29FAD392AD3100D00DD1DD1 /* BookwormTests */,
				B29FAD432AD3100D00DD1DD1 /* BookwormUITests */,
				B29FAD272AD3100B00DD1DD1 /* Products */,
			);
			sourceTree = "<group>";
		};
		B29FAD272AD3100B00DD1DD1 /* Products */ = {
			isa = PBXGroup;
			children = (
				B29FAD262AD3100B00DD1DD1 /* Bookworm.app */,
				B29FAD362AD3100D00DD1DD1 /* BookwormTests.xctest */,
				B29FAD402AD3100D00DD1DD1 /* BookwormUITests.xctest */,
			);
			name = Products;
			sourceTree = "<group>";
		};
		B29FAD282AD3100B00DD1DD1 /* Bookworm */ = {
			isa = PBXGroup;
			children = (
				B29FAD292AD3100B00DD1DD1 /* BookwormApp.swift */,
				B29FAD2B2AD3100B00DD1DD1 /* ContentView.swift */,
				B2FB5E9B2AE2B316003063AE /* AddBookView.swift */,
				B29FAD2D2AD3100C00DD1DD1 /* Assets.xcassets */,
				B29FAD2F2AD3100C00DD1DD1 /* Preview Content */,
			);
			path = Bookworm;
			sourceTree = "<group>";
		};
		B29FAD2F2AD3100C00DD1DD1 /* Preview Content */ = {
			isa = PBXGroup;
			children = (
				B29FAD302AD3100C00DD1DD1 /* Preview Assets.xcassets */,
			);
			path = "Preview Content";
			sourceTree = "<group>";
		};
		B29FAD392AD3100D00DD1DD1 /* BookwormTests */ = {
			isa = PBXGroup;
			children = (
				B29FAD3A2AD3100D00DD1DD1 /* BookwormTests.swift */,
			);
			path = BookwormTests;
			sourceTree = "<group>";
		};
		B29FAD432AD3100D00DD1DD1 /* BookwormUITests */ = {
			isa = PBXGroup;
			children = (
				B29FAD442AD3100D00DD1DD1 /* BookwormUITests.swift */,
				B29FAD462AD3100D00DD1DD1 /* BookwormUITestsLaunchTests.swift */,
			);
			path = BookwormUITests;
			sourceTree = "<group>";
		};
/* End PBXGroup section */

/* Begin PBXNativeTarget section */
		B29FAD252AD3100B00DD1DD1 /* Bookworm */ = {
			isa = PBXNativeTarget;
			buildConfigurationList = B29FAD4A2AD3100D00DD1DD1 /* Build configuration list for PBXNativeTarget "Bookworm" */;
			buildPhases = (
				B29FAD222AD3100B00DD1DD1 /* Sources */,
				B29FAD232AD3100B00DD1DD1 /* Frameworks */,
				B29FAD242AD3100B00DD1DD1 /* Resources */,
			);
			buildRules = (
			);
			dependencies = (
			);
			name = Bookworm;
			productName = Bookworm;
			productReference = B29FAD262AD3100B00DD1DD1 /* Bookworm.app */;
			productType = "com.apple.product-type.application";
		};
		B29FAD352AD3100D00DD1DD1 /* BookwormTests */ = {
			isa = PBXNativeTarget;
			buildConfigurationList = B29FAD4D2AD3100D00DD1DD1 /* Build configuration list for PBXNativeTarget "BookwormTests" */;
			buildPhases = (
				B29FAD322AD3100D00DD1DD1 /* Sources */,
				B29FAD332AD3100D00DD1DD1 /* Frameworks */,
				B29FAD342AD3100D00DD1DD1 /* Resources */,
			);
			buildRules = (
			);
			dependencies = (
				B29FAD382AD3100D00DD1DD1 /* PBXTargetDependency */,
			);
			name = BookwormTests;
			productName = BookwormTests;
			productReference = B29FAD362AD3100D00DD1DD1 /* BookwormTests.xctest */;
			productType = "com.apple.product-type.bundle.unit-test";
		};
		B29FAD3F2AD3100D00DD1DD1 /* BookwormUITests */ = {
			isa = PBXNativeTarget;
			buildConfigurationList = B29FAD502AD3100D00DD1DD1 /* Build configuration list for PBXNativeTarget "BookwormUITests" */;
			buildPhases = (
				B29FAD3C2AD3100D00DD1DD1 /* Sources */,
				B29FAD3D2AD3100D00DD1DD1 /* Frameworks */,
				B29FAD3E2AD3100D00DD1DD1 /* Resources */,
			);
			buildRules = (
			);
			dependencies = (
				B29FAD422AD3100D00DD1DD1 /* PBXTargetDependency */,
			);
			name = BookwormUITests;
			productName = BookwormUITests;
			productReference = B29FAD402AD3100D00DD1DD1 /* BookwormUITests.xctest */;
			productType = "com.apple.product-type.bundle.ui-testing";
		};
/* End PBXNativeTarget section */

/* Begin PBXProject section */
		B29FAD1E2AD3100B00DD1DD1 /* Project object */ = {
			isa = PBXProject;
			attributes = {
				BuildIndependentTargetsInParallel = 1;
				LastSwiftUpdateCheck = 1500;
				LastUpgradeCheck = 1500;
				TargetAttributes = {
					B29FAD252AD3100B00DD1DD1 = {
						CreatedOnToolsVersion = 15.0;
					};
					B29FAD352AD3100D00DD1DD1 = {
						CreatedOnToolsVersion = 15.0;
						TestTargetID = B29FAD252AD3100B00DD1DD1;
					};
					B29FAD3F2AD3100D00DD1DD1 = {
						CreatedOnToolsVersion = 15.0;
						TestTargetID = B29FAD252AD3100B00DD1DD1;
					};
				};
			};
			buildConfigurationList = B29FAD212AD3100B00DD1DD1 /* Build configuration list for PBXProject "Bookworm" */;
			compatibilityVersion = "Xcode 14.0";
			developmentRegion = en;
			hasScannedForEncodings = 0;
			knownRegions = (
				en,
				Base,
			);
			mainGroup = B29FAD1D2AD3100B00DD1DD1;
			productRefGroup = B29FAD272AD3100B00DD1DD1 /* Products */;
			projectDirPath = "";
			projectRoot = "";
			targets = (
				B29FAD252AD3100B00DD1DD1 /* Bookworm */,
				B29FAD352AD3100D00DD1DD1 /* BookwormTests */,
				B29FAD3F2AD3100D00DD1DD1 /* BookwormUITests */,
			);
		};
/* End PBXProject section */

/* Begin PBXResourcesBuildPhase section */
		B29FAD242AD3100B00DD1DD1 /* Resources */ = {
			isa = PBXResourcesBuildPhase;
			buildActionMask = 2147483647;
			files = (
				B29FAD312AD3100C00DD1DD1 /* Preview Assets.xcassets in Resources */,
				B29FAD2E2AD3100C00DD1DD1 /* Assets.xcassets in Resources */,
			);
			runOnlyForDeploymentPostprocessing = 0;
		};
		B29FAD342AD3100D00DD1DD1 /* Resources */ = {
			isa = PBXResourcesBuildPhase;
			buildActionMask = 2147483647;
			files = (
			);
			runOnlyForDeploymentPostprocessing = 0;
		};
		B29FAD3E2AD3100D00DD1DD1 /* Resources */ = {
			isa = PBXResourcesBuildPhase;
			buildActionMask = 2147483647;
			files = (
			);
			runOnlyForDeploymentPostprocessing = 0;
		};
/* End PBXResourcesBuildPhase section */

/* Begin PBXSourcesBuildPhase section */
		B29FAD222AD3100B00DD1DD1 /* Sources */ = {
			isa = PBXSourcesBuildPhase;
			buildActionMask = 2147483647;
			files = (
				B29FAD2C2AD3100B00DD1DD1 /* ContentView.swift in Sources */,
				B2F265CA2ADDAA440078629D /* DataController.swift in Sources */,
				B2F265C82ADDA9F00078629D /* Bookworm.xcdatamodeld in Sources */,
				B29FAD2A2AD3100B00DD1DD1 /* BookwormApp.swift in Sources */,
				B2FB5E9C2AE2B316003063AE /* AddBookView.swift in Sources */,
			);
			runOnlyForDeploymentPostprocessing = 0;
		};
		B29FAD322AD3100D00DD1DD1 /* Sources */ = {
			isa = PBXSourcesBuildPhase;
			buildActionMask = 2147483647;
			files = (
				B29FAD3B2AD3100D00DD1DD1 /* BookwormTests.swift in Sources */,
			);
			runOnlyForDeploymentPostprocessing = 0;
		};
		B29FAD3C2AD3100D00DD1DD1 /* Sources */ = {
			isa = PBXSourcesBuildPhase;
			buildActionMask = 2147483647;
			files = (
				B29FAD472AD3100D00DD1DD1 /* BookwormUITestsLaunchTests.swift in Sources */,
				B29FAD452AD3100D00DD1DD1 /* BookwormUITests.swift in Sources */,
			);
			runOnlyForDeploymentPostprocessing = 0;
		};
/* End PBXSourcesBuildPhase section */

/* Begin PBXTargetDependency section */
		B29FAD382AD3100D00DD1DD1 /* PBXTargetDependency */ = {
			isa = PBXTargetDependency;
			target = B29FAD252AD3100B00DD1DD1 /* Bookworm */;
			targetProxy = B29FAD372AD3100D00DD1DD1 /* PBXContainerItemProxy */;
		};
		B29FAD422AD3100D00DD1DD1 /* PBXTargetDependency */ = {
			isa = PBXTargetDependency;
			target = B29FAD252AD3100B00DD1DD1 /* Bookworm */;
			targetProxy = B29FAD412AD3100D00DD1DD1 /* PBXContainerItemProxy */;
		};
/* End PBXTargetDependency section */

/* Begin XCBuildConfiguration section */
		B29FAD482AD3100D00DD1DD1 /* Debug */ = {
			isa = XCBuildConfiguration;
			buildSettings = {
				ALWAYS_SEARCH_USER_PATHS = NO;
				ASSETCATALOG_COMPILER_GENERATE_SWIFT_ASSET_SYMBOL_EXTENSIONS = YES;
				CLANG_ANALYZER_NONNULL = YES;
				CLANG_ANALYZER_NUMBER_OBJECT_CONVERSION = YES_AGGRESSIVE;
				CLANG_CXX_LANGUAGE_STANDARD = "gnu++20";
				CLANG_ENABLE_MODULES = YES;
				CLANG_ENABLE_OBJC_ARC = YES;
				CLANG_ENABLE_OBJC_WEAK = YES;
				CLANG_WARN_BLOCK_CAPTURE_AUTORELEASING = YES;
				CLANG_WARN_BOOL_CONVERSION = YES;
				CLANG_WARN_COMMA = YES;
				CLANG_WARN_CONSTANT_CONVERSION = YES;
				CLANG_WARN_DEPRECATED_OBJC_IMPLEMENTATIONS = YES;
				CLANG_WARN_DIRECT_OBJC_ISA_USAGE = YES_ERROR;
				CLANG_WARN_DOCUMENTATION_COMMENTS = YES;
				CLANG_WARN_EMPTY_BODY = YES;
				CLANG_WARN_ENUM_CONVERSION = YES;
				CLANG_WARN_INFINITE_RECURSION = YES;
				CLANG_WARN_INT_CONVERSION = YES;
				CLANG_WARN_NON_LITERAL_NULL_CONVERSION = YES;
				CLANG_WARN_OBJC_IMPLICIT_RETAIN_SELF = YES;
				CLANG_WARN_OBJC_LITERAL_CONVERSION = YES;
				CLANG_WARN_OBJC_ROOT_CLASS = YES_ERROR;
				CLANG_WARN_QUOTED_INCLUDE_IN_FRAMEWORK_HEADER = YES;
				CLANG_WARN_RANGE_LOOP_ANALYSIS = YES;
				CLANG_WARN_STRICT_PROTOTYPES = YES;
				CLANG_WARN_SUSPICIOUS_MOVE = YES;
				CLANG_WARN_UNGUARDED_AVAILABILITY = YES_AGGRESSIVE;
				CLANG_WARN_UNREACHABLE_CODE = YES;
				CLANG_WARN__DUPLICATE_METHOD_MATCH = YES;
				COPY_PHASE_STRIP = NO;
				DEBUG_INFORMATION_FORMAT = dwarf;
				ENABLE_STRICT_OBJC_MSGSEND = YES;
				ENABLE_TESTABILITY = YES;
				ENABLE_USER_SCRIPT_SANDBOXING = YES;
				GCC_C_LANGUAGE_STANDARD = gnu17;
				GCC_DYNAMIC_NO_PIC = NO;
				GCC_NO_COMMON_BLOCKS = YES;
				GCC_OPTIMIZATION_LEVEL = 0;
				GCC_PREPROCESSOR_DEFINITIONS = (
					"DEBUG=1",
					"$(inherited)",
				);
				GCC_WARN_64_TO_32_BIT_CONVERSION = YES;
				GCC_WARN_ABOUT_RETURN_TYPE = YES_ERROR;
				GCC_WARN_UNDECLARED_SELECTOR = YES;
				GCC_WARN_UNINITIALIZED_AUTOS = YES_AGGRESSIVE;
				GCC_WARN_UNUSED_FUNCTION = YES;
				GCC_WARN_UNUSED_VARIABLE = YES;
				IPHONEOS_DEPLOYMENT_TARGET = 17.0;
				LOCALIZATION_PREFERS_STRING_CATALOGS = YES;
				MTL_ENABLE_DEBUG_INFO = INCLUDE_SOURCE;
				MTL_FAST_MATH = YES;
				ONLY_ACTIVE_ARCH = YES;
				SDKROOT = iphoneos;
				SWIFT_ACTIVE_COMPILATION_CONDITIONS = "DEBUG $(inherited)";
				SWIFT_OPTIMIZATION_LEVEL = "-Onone";
			};
			name = Debug;
		};
		B29FAD492AD3100D00DD1DD1 /* Release */ = {
			isa = XCBuildConfiguration;
			buildSettings = {
				ALWAYS_SEARCH_USER_PATHS = NO;
				ASSETCATALOG_COMPILER_GENERATE_SWIFT_ASSET_SYMBOL_EXTENSIONS = YES;
				CLANG_ANALYZER_NONNULL = YES;
				CLANG_ANALYZER_NUMBER_OBJECT_CONVERSION = YES_AGGRESSIVE;
				CLANG_CXX_LANGUAGE_STANDARD = "gnu++20";
				CLANG_ENABLE_MODULES = YES;
				CLANG_ENABLE_OBJC_ARC = YES;
				CLANG_ENABLE_OBJC_WEAK = YES;
				CLANG_WARN_BLOCK_CAPTURE_AUTORELEASING = YES;
				CLANG_WARN_BOOL_CONVERSION = YES;
				CLANG_WARN_COMMA = YES;
				CLANG_WARN_CONSTANT_CONVERSION = YES;
				CLANG_WARN_DEPRECATED_OBJC_IMPLEMENTATIONS = YES;
				CLANG_WARN_DIRECT_OBJC_ISA_USAGE = YES_ERROR;
				CLANG_WARN_DOCUMENTATION_COMMENTS = YES;
				CLANG_WARN_EMPTY_BODY = YES;
				CLANG_WARN_ENUM_CONVERSION = YES;
				CLANG_WARN_INFINITE_RECURSION = YES;
				CLANG_WARN_INT_CONVERSION = YES;
				CLANG_WARN_NON_LITERAL_NULL_CONVERSION = YES;
				CLANG_WARN_OBJC_IMPLICIT_RETAIN_SELF = YES;
				CLANG_WARN_OBJC_LITERAL_CONVERSION = YES;
				CLANG_WARN_OBJC_ROOT_CLASS = YES_ERROR;
				CLANG_WARN_QUOTED_INCLUDE_IN_FRAMEWORK_HEADER = YES;
				CLANG_WARN_RANGE_LOOP_ANALYSIS = YES;
				CLANG_WARN_STRICT_PROTOTYPES = YES;
				CLANG_WARN_SUSPICIOUS_MOVE = YES;
				CLANG_WARN_UNGUARDED_AVAILABILITY = YES_AGGRESSIVE;
				CLANG_WARN_UNREACHABLE_CODE = YES;
				CLANG_WARN__DUPLICATE_METHOD_MATCH = YES;
				COPY_PHASE_STRIP = NO;
				DEBUG_INFORMATION_FORMAT = "dwarf-with-dsym";
				ENABLE_NS_ASSERTIONS = NO;
				ENABLE_STRICT_OBJC_MSGSEND = YES;
				ENABLE_USER_SCRIPT_SANDBOXING = YES;
				GCC_C_LANGUAGE_STANDARD = gnu17;
				GCC_NO_COMMON_BLOCKS = YES;
				GCC_WARN_64_TO_32_BIT_CONVERSION = YES;
				GCC_WARN_ABOUT_RETURN_TYPE = YES_ERROR;
				GCC_WARN_UNDECLARED_SELECTOR = YES;
				GCC_WARN_UNINITIALIZED_AUTOS = YES_AGGRESSIVE;
				GCC_WARN_UNUSED_FUNCTION = YES;
				GCC_WARN_UNUSED_VARIABLE = YES;
				IPHONEOS_DEPLOYMENT_TARGET = 17.0;
				LOCALIZATION_PREFERS_STRING_CATALOGS = YES;
				MTL_ENABLE_DEBUG_INFO = NO;
				MTL_FAST_MATH = YES;
				SDKROOT = iphoneos;
				SWIFT_COMPILATION_MODE = wholemodule;
				VALIDATE_PRODUCT = YES;
			};
			name = Release;
		};
		B29FAD4B2AD3100D00DD1DD1 /* Debug */ = {
			isa = XCBuildConfiguration;
			buildSettings = {
				ASSETCATALOG_COMPILER_APPICON_NAME = AppIcon;
				ASSETCATALOG_COMPILER_GLOBAL_ACCENT_COLOR_NAME = AccentColor;
				CODE_SIGN_STYLE = Automatic;
				CURRENT_PROJECT_VERSION = 1;
				DEVELOPMENT_ASSET_PATHS = "\"Bookworm/Preview Content\"";
				ENABLE_PREVIEWS = YES;
				GENERATE_INFOPLIST_FILE = YES;
				INFOPLIST_KEY_UIApplicationSceneManifest_Generation = YES;
				INFOPLIST_KEY_UIApplicationSupportsIndirectInputEvents = YES;
				INFOPLIST_KEY_UILaunchScreen_Generation = YES;
				INFOPLIST_KEY_UISupportedInterfaceOrientations_iPad = "UIInterfaceOrientationPortrait UIInterfaceOrientationPortraitUpsideDown UIInterfaceOrientationLandscapeLeft UIInterfaceOrientationLandscapeRight";
				INFOPLIST_KEY_UISupportedInterfaceOrientations_iPhone = "UIInterfaceOrientationPortrait UIInterfaceOrientationLandscapeLeft UIInterfaceOrientationLandscapeRight";
				LD_RUNPATH_SEARCH_PATHS = (
					"$(inherited)",
					"@executable_path/Frameworks",
				);
				MARKETING_VERSION = 1.0;
				PRODUCT_BUNDLE_IDENTIFIER = micolCODES.Bookworm;
				PRODUCT_NAME = "$(TARGET_NAME)";
				SWIFT_EMIT_LOC_STRINGS = YES;
				SWIFT_VERSION = 5.0;
				TARGETED_DEVICE_FAMILY = "1,2";
			};
			name = Debug;
		};
		B29FAD4C2AD3100D00DD1DD1 /* Release */ = {
			isa = XCBuildConfiguration;
			buildSettings = {
				ASSETCATALOG_COMPILER_APPICON_NAME = AppIcon;
				ASSETCATALOG_COMPILER_GLOBAL_ACCENT_COLOR_NAME = AccentColor;
				CODE_SIGN_STYLE = Automatic;
				CURRENT_PROJECT_VERSION = 1;
				DEVELOPMENT_ASSET_PATHS = "\"Bookworm/Preview Content\"";
				ENABLE_PREVIEWS = YES;
				GENERATE_INFOPLIST_FILE = YES;
				INFOPLIST_KEY_UIApplicationSceneManifest_Generation = YES;
				INFOPLIST_KEY_UIApplicationSupportsIndirectInputEvents = YES;
				INFOPLIST_KEY_UILaunchScreen_Generation = YES;
				INFOPLIST_KEY_UISupportedInterfaceOrientations_iPad = "UIInterfaceOrientationPortrait UIInterfaceOrientationPortraitUpsideDown UIInterfaceOrientationLandscapeLeft UIInterfaceOrientationLandscapeRight";
				INFOPLIST_KEY_UISupportedInterfaceOrientations_iPhone = "UIInterfaceOrientationPortrait UIInterfaceOrientationLandscapeLeft UIInterfaceOrientationLandscapeRight";
				LD_RUNPATH_SEARCH_PATHS = (
					"$(inherited)",
					"@executable_path/Frameworks",
				);
				MARKETING_VERSION = 1.0;
				PRODUCT_BUNDLE_IDENTIFIER = micolCODES.Bookworm;
				PRODUCT_NAME = "$(TARGET_NAME)";
				SWIFT_EMIT_LOC_STRINGS = YES;
				SWIFT_VERSION = 5.0;
				TARGETED_DEVICE_FAMILY = "1,2";
			};
			name = Release;
		};
		B29FAD4E2AD3100D00DD1DD1 /* Debug */ = {
			isa = XCBuildConfiguration;
			buildSettings = {
				ALWAYS_EMBED_SWIFT_STANDARD_LIBRARIES = YES;
				BUNDLE_LOADER = "$(TEST_HOST)";
				CODE_SIGN_STYLE = Automatic;
				CURRENT_PROJECT_VERSION = 1;
				GENERATE_INFOPLIST_FILE = YES;
				IPHONEOS_DEPLOYMENT_TARGET = 17.0;
				MARKETING_VERSION = 1.0;
				PRODUCT_BUNDLE_IDENTIFIER = micolCODES.BookwormTests;
				PRODUCT_NAME = "$(TARGET_NAME)";
				SWIFT_EMIT_LOC_STRINGS = NO;
				SWIFT_VERSION = 5.0;
				TARGETED_DEVICE_FAMILY = "1,2";
				TEST_HOST = "$(BUILT_PRODUCTS_DIR)/Bookworm.app/$(BUNDLE_EXECUTABLE_FOLDER_PATH)/Bookworm";
			};
			name = Debug;
		};
		B29FAD4F2AD3100D00DD1DD1 /* Release */ = {
			isa = XCBuildConfiguration;
			buildSettings = {
				ALWAYS_EMBED_SWIFT_STANDARD_LIBRARIES = YES;
				BUNDLE_LOADER = "$(TEST_HOST)";
				CODE_SIGN_STYLE = Automatic;
				CURRENT_PROJECT_VERSION = 1;
				GENERATE_INFOPLIST_FILE = YES;
				IPHONEOS_DEPLOYMENT_TARGET = 17.0;
				MARKETING_VERSION = 1.0;
				PRODUCT_BUNDLE_IDENTIFIER = micolCODES.BookwormTests;
				PRODUCT_NAME = "$(TARGET_NAME)";
				SWIFT_EMIT_LOC_STRINGS = NO;
				SWIFT_VERSION = 5.0;
				TARGETED_DEVICE_FAMILY = "1,2";
				TEST_HOST = "$(BUILT_PRODUCTS_DIR)/Bookworm.app/$(BUNDLE_EXECUTABLE_FOLDER_PATH)/Bookworm";
			};
			name = Release;
		};
		B29FAD512AD3100D00DD1DD1 /* Debug */ = {
			isa = XCBuildConfiguration;
			buildSettings = {
				ALWAYS_EMBED_SWIFT_STANDARD_LIBRARIES = YES;
				CODE_SIGN_STYLE = Automatic;
				CURRENT_PROJECT_VERSION = 1;
				GENERATE_INFOPLIST_FILE = YES;
				MARKETING_VERSION = 1.0;
				PRODUCT_BUNDLE_IDENTIFIER = micolCODES.BookwormUITests;
				PRODUCT_NAME = "$(TARGET_NAME)";
				SWIFT_EMIT_LOC_STRINGS = NO;
				SWIFT_VERSION = 5.0;
				TARGETED_DEVICE_FAMILY = "1,2";
				TEST_TARGET_NAME = Bookworm;
			};
			name = Debug;
		};
		B29FAD522AD3100D00DD1DD1 /* Release */ = {
			isa = XCBuildConfiguration;
			buildSettings = {
				ALWAYS_EMBED_SWIFT_STANDARD_LIBRARIES = YES;
				CODE_SIGN_STYLE = Automatic;
				CURRENT_PROJECT_VERSION = 1;
				GENERATE_INFOPLIST_FILE = YES;
				MARKETING_VERSION = 1.0;
				PRODUCT_BUNDLE_IDENTIFIER = micolCODES.BookwormUITests;
				PRODUCT_NAME = "$(TARGET_NAME)";
				SWIFT_EMIT_LOC_STRINGS = NO;
				SWIFT_VERSION = 5.0;
				TARGETED_DEVICE_FAMILY = "1,2";
				TEST_TARGET_NAME = Bookworm;
			};
			name = Release;
		};
/* End XCBuildConfiguration section */

/* Begin XCConfigurationList section */
		B29FAD212AD3100B00DD1DD1 /* Build configuration list for PBXProject "Bookworm" */ = {
			isa = XCConfigurationList;
			buildConfigurations = (
				B29FAD482AD3100D00DD1DD1 /* Debug */,
				B29FAD492AD3100D00DD1DD1 /* Release */,
			);
			defaultConfigurationIsVisible = 0;
			defaultConfigurationName = Release;
		};
		B29FAD4A2AD3100D00DD1DD1 /* Build configuration list for PBXNativeTarget "Bookworm" */ = {
			isa = XCConfigurationList;
			buildConfigurations = (
				B29FAD4B2AD3100D00DD1DD1 /* Debug */,
				B29FAD4C2AD3100D00DD1DD1 /* Release */,
			);
			defaultConfigurationIsVisible = 0;
			defaultConfigurationName = Release;
		};
		B29FAD4D2AD3100D00DD1DD1 /* Build configuration list for PBXNativeTarget "BookwormTests" */ = {
			isa = XCConfigurationList;
			buildConfigurations = (
				B29FAD4E2AD3100D00DD1DD1 /* Debug */,
				B29FAD4F2AD3100D00DD1DD1 /* Release */,
			);
			defaultConfigurationIsVisible = 0;
			defaultConfigurationName = Release;
		};
		B29FAD502AD3100D00DD1DD1 /* Build configuration list for PBXNativeTarget "BookwormUITests" */ = {
			isa = XCConfigurationList;
			buildConfigurations = (
				B29FAD512AD3100D00DD1DD1 /* Debug */,
				B29FAD522AD3100D00DD1DD1 /* Release */,
			);
			defaultConfigurationIsVisible = 0;
			defaultConfigurationName = Release;
		};
/* End XCConfigurationList section */

/* Begin XCVersionGroup section */
		B2F265C62ADDA9F00078629D /* Bookworm.xcdatamodeld */ = {
			isa = XCVersionGroup;
			children = (
				B2F265C72ADDA9F00078629D /* Bookworm.xcdatamodel */,
			);
			currentVersion = B2F265C72ADDA9F00078629D /* Bookworm.xcdatamodel */;
			path = Bookworm.xcdatamodeld;
			sourceTree = "<group>";
			versionGroupType = wrapper.xcdatamodel;
		};
/* End XCVersionGroup section */
	};
	rootObject = B29FAD1E2AD3100B00DD1DD1 /* Project object */;
}
