// !$*UTF8*$!
{
	archiveVersion = 1;
	classes = {
	};
	objectVersion = 56;
	objects = {

/* Begin PBXBuildFile section */
		B20AD9242AAA1DEE007FBB02 /* iExpenseREDOApp.swift in Sources */ = {isa = PBXBuildFile; fileRef = B20AD9232AAA1DEE007FBB02 /* iExpenseREDOApp.swift */; };
		B20AD9262AAA1DEE007FBB02 /* ContentView.swift in Sources */ = {isa = PBXBuildFile; fileRef = B20AD9252AAA1DEE007FBB02 /* ContentView.swift */; };
		B20AD9282AAA1DEF007FBB02 /* Assets.xcassets in Resources */ = {isa = PBXBuildFile; fileRef = B20AD9272AAA1DEF007FBB02 /* Assets.xcassets */; };
		B20AD92B2AAA1DEF007FBB02 /* Preview Assets.xcassets in Resources */ = {isa = PBXBuildFile; fileRef = B20AD92A2AAA1DEF007FBB02 /* Preview Assets.xcassets */; };
		B20AD9352AAA1DEF007FBB02 /* iExpenseREDOTests.swift in Sources */ = {isa = PBXBuildFile; fileRef = B20AD9342AAA1DEF007FBB02 /* iExpenseREDOTests.swift */; };
		B20AD93F2AAA1DEF007FBB02 /* iExpenseREDOUITests.swift in Sources */ = {isa = PBXBuildFile; fileRef = B20AD93E2AAA1DEF007FBB02 /* iExpenseREDOUITests.swift */; };
		B20AD9412AAA1DEF007FBB02 /* iExpenseREDOUITestsLaunchTests.swift in Sources */ = {isa = PBXBuildFile; fileRef = B20AD9402AAA1DEF007FBB02 /* iExpenseREDOUITestsLaunchTests.swift */; };
		B20AD94E2AAA2455007FBB02 /* ExpenseItem.swift in Sources */ = {isa = PBXBuildFile; fileRef = B20AD94D2AAA2455007FBB02 /* ExpenseItem.swift */; };
/* End PBXBuildFile section */

/* Begin PBXContainerItemProxy section */
		B20AD9312AAA1DEF007FBB02 /* PBXContainerItemProxy */ = {
			isa = PBXContainerItemProxy;
			containerPortal = B20AD9182AAA1DEE007FBB02 /* Project object */;
			proxyType = 1;
			remoteGlobalIDString = B20AD91F2AAA1DEE007FBB02;
			remoteInfo = iExpenseREDO;
		};
		B20AD93B2AAA1DEF007FBB02 /* PBXContainerItemProxy */ = {
			isa = PBXContainerItemProxy;
			containerPortal = B20AD9182AAA1DEE007FBB02 /* Project object */;
			proxyType = 1;
			remoteGlobalIDString = B20AD91F2AAA1DEE007FBB02;
			remoteInfo = iExpenseREDO;
		};
/* End PBXContainerItemProxy section */

/* Begin PBXFileReference section */
		B20AD9202AAA1DEE007FBB02 /* iExpenseREDO.app */ = {isa = PBXFileReference; explicitFileType = wrapper.application; includeInIndex = 0; path = iExpenseREDO.app; sourceTree = BUILT_PRODUCTS_DIR; };
		B20AD9232AAA1DEE007FBB02 /* iExpenseREDOApp.swift */ = {isa = PBXFileReference; lastKnownFileType = sourcecode.swift; path = iExpenseREDOApp.swift; sourceTree = "<group>"; };
		B20AD9252AAA1DEE007FBB02 /* ContentView.swift */ = {isa = PBXFileReference; lastKnownFileType = sourcecode.swift; path = ContentView.swift; sourceTree = "<group>"; };
		B20AD9272AAA1DEF007FBB02 /* Assets.xcassets */ = {isa = PBXFileReference; lastKnownFileType = folder.assetcatalog; path = Assets.xcassets; sourceTree = "<group>"; };
		B20AD92A2AAA1DEF007FBB02 /* Preview Assets.xcassets */ = {isa = PBXFileReference; lastKnownFileType = folder.assetcatalog; path = "Preview Assets.xcassets"; sourceTree = "<group>"; };
		B20AD9302AAA1DEF007FBB02 /* iExpenseREDOTests.xctest */ = {isa = PBXFileReference; explicitFileType = wrapper.cfbundle; includeInIndex = 0; path = iExpenseREDOTests.xctest; sourceTree = BUILT_PRODUCTS_DIR; };
		B20AD9342AAA1DEF007FBB02 /* iExpenseREDOTests.swift */ = {isa = PBXFileReference; lastKnownFileType = sourcecode.swift; path = iExpenseREDOTests.swift; sourceTree = "<group>"; };
		B20AD93A2AAA1DEF007FBB02 /* iExpenseREDOUITests.xctest */ = {isa = PBXFileReference; explicitFileType = wrapper.cfbundle; includeInIndex = 0; path = iExpenseREDOUITests.xctest; sourceTree = BUILT_PRODUCTS_DIR; };
		B20AD93E2AAA1DEF007FBB02 /* iExpenseREDOUITests.swift */ = {isa = PBXFileReference; lastKnownFileType = sourcecode.swift; path = iExpenseREDOUITests.swift; sourceTree = "<group>"; };
		B20AD9402AAA1DEF007FBB02 /* iExpenseREDOUITestsLaunchTests.swift */ = {isa = PBXFileReference; lastKnownFileType = sourcecode.swift; path = iExpenseREDOUITestsLaunchTests.swift; sourceTree = "<group>"; };
		B20AD94D2AAA2455007FBB02 /* ExpenseItem.swift */ = {isa = PBXFileReference; lastKnownFileType = sourcecode.swift; path = ExpenseItem.swift; sourceTree = "<group>"; };
/* End PBXFileReference section */

/* Begin PBXFrameworksBuildPhase section */
		B20AD91D2AAA1DEE007FBB02 /* Frameworks */ = {
			isa = PBXFrameworksBuildPhase;
			buildActionMask = 2147483647;
			files = (
			);
			runOnlyForDeploymentPostprocessing = 0;
		};
		B20AD92D2AAA1DEF007FBB02 /* Frameworks */ = {
			isa = PBXFrameworksBuildPhase;
			buildActionMask = 2147483647;
			files = (
			);
			runOnlyForDeploymentPostprocessing = 0;
		};
		B20AD9372AAA1DEF007FBB02 /* Frameworks */ = {
			isa = PBXFrameworksBuildPhase;
			buildActionMask = 2147483647;
			files = (
			);
			runOnlyForDeploymentPostprocessing = 0;
		};
/* End PBXFrameworksBuildPhase section */

/* Begin PBXGroup section */
		B20AD9172AAA1DEE007FBB02 = {
			isa = PBXGroup;
			children = (
				B20AD9222AAA1DEE007FBB02 /* iExpenseREDO */,
				B20AD9332AAA1DEF007FBB02 /* iExpenseREDOTests */,
				B20AD93D2AAA1DEF007FBB02 /* iExpenseREDOUITests */,
				B20AD9212AAA1DEE007FBB02 /* Products */,
			);
			sourceTree = "<group>";
		};
		B20AD9212AAA1DEE007FBB02 /* Products */ = {
			isa = PBXGroup;
			children = (
				B20AD9202AAA1DEE007FBB02 /* iExpenseREDO.app */,
				B20AD9302AAA1DEF007FBB02 /* iExpenseREDOTests.xctest */,
				B20AD93A2AAA1DEF007FBB02 /* iExpenseREDOUITests.xctest */,
			);
			name = Products;
			sourceTree = "<group>";
		};
		B20AD9222AAA1DEE007FBB02 /* iExpenseREDO */ = {
			isa = PBXGroup;
			children = (
				B20AD9232AAA1DEE007FBB02 /* iExpenseREDOApp.swift */,
				B20AD9252AAA1DEE007FBB02 /* ContentView.swift */,
				B20AD94D2AAA2455007FBB02 /* ExpenseItem.swift */,
				B20AD9272AAA1DEF007FBB02 /* Assets.xcassets */,
				B20AD9292AAA1DEF007FBB02 /* Preview Content */,
			);
			path = iExpenseREDO;
			sourceTree = "<group>";
		};
		B20AD9292AAA1DEF007FBB02 /* Preview Content */ = {
			isa = PBXGroup;
			children = (
				B20AD92A2AAA1DEF007FBB02 /* Preview Assets.xcassets */,
			);
			path = "Preview Content";
			sourceTree = "<group>";
		};
		B20AD9332AAA1DEF007FBB02 /* iExpenseREDOTests */ = {
			isa = PBXGroup;
			children = (
				B20AD9342AAA1DEF007FBB02 /* iExpenseREDOTests.swift */,
			);
			path = iExpenseREDOTests;
			sourceTree = "<group>";
		};
		B20AD93D2AAA1DEF007FBB02 /* iExpenseREDOUITests */ = {
			isa = PBXGroup;
			children = (
				B20AD93E2AAA1DEF007FBB02 /* iExpenseREDOUITests.swift */,
				B20AD9402AAA1DEF007FBB02 /* iExpenseREDOUITestsLaunchTests.swift */,
			);
			path = iExpenseREDOUITests;
			sourceTree = "<group>";
		};
/* End PBXGroup section */

/* Begin PBXNativeTarget section */
		B20AD91F2AAA1DEE007FBB02 /* iExpenseREDO */ = {
			isa = PBXNativeTarget;
			buildConfigurationList = B20AD9442AAA1DEF007FBB02 /* Build configuration list for PBXNativeTarget "iExpenseREDO" */;
			buildPhases = (
				B20AD91C2AAA1DEE007FBB02 /* Sources */,
				B20AD91D2AAA1DEE007FBB02 /* Frameworks */,
				B20AD91E2AAA1DEE007FBB02 /* Resources */,
			);
			buildRules = (
			);
			dependencies = (
			);
			name = iExpenseREDO;
			productName = iExpenseREDO;
			productReference = B20AD9202AAA1DEE007FBB02 /* iExpenseREDO.app */;
			productType = "com.apple.product-type.application";
		};
		B20AD92F2AAA1DEF007FBB02 /* iExpenseREDOTests */ = {
			isa = PBXNativeTarget;
			buildConfigurationList = B20AD9472AAA1DEF007FBB02 /* Build configuration list for PBXNativeTarget "iExpenseREDOTests" */;
			buildPhases = (
				B20AD92C2AAA1DEF007FBB02 /* Sources */,
				B20AD92D2AAA1DEF007FBB02 /* Frameworks */,
				B20AD92E2AAA1DEF007FBB02 /* Resources */,
			);
			buildRules = (
			);
			dependencies = (
				B20AD9322AAA1DEF007FBB02 /* PBXTargetDependency */,
			);
			name = iExpenseREDOTests;
			productName = iExpenseREDOTests;
			productReference = B20AD9302AAA1DEF007FBB02 /* iExpenseREDOTests.xctest */;
			productType = "com.apple.product-type.bundle.unit-test";
		};
		B20AD9392AAA1DEF007FBB02 /* iExpenseREDOUITests */ = {
			isa = PBXNativeTarget;
			buildConfigurationList = B20AD94A2AAA1DEF007FBB02 /* Build configuration list for PBXNativeTarget "iExpenseREDOUITests" */;
			buildPhases = (
				B20AD9362AAA1DEF007FBB02 /* Sources */,
				B20AD9372AAA1DEF007FBB02 /* Frameworks */,
				B20AD9382AAA1DEF007FBB02 /* Resources */,
			);
			buildRules = (
			);
			dependencies = (
				B20AD93C2AAA1DEF007FBB02 /* PBXTargetDependency */,
			);
			name = iExpenseREDOUITests;
			productName = iExpenseREDOUITests;
			productReference = B20AD93A2AAA1DEF007FBB02 /* iExpenseREDOUITests.xctest */;
			productType = "com.apple.product-type.bundle.ui-testing";
		};
/* End PBXNativeTarget section */

/* Begin PBXProject section */
		B20AD9182AAA1DEE007FBB02 /* Project object */ = {
			isa = PBXProject;
			attributes = {
				BuildIndependentTargetsInParallel = 1;
				LastSwiftUpdateCheck = 1430;
				LastUpgradeCheck = 1430;
				TargetAttributes = {
					B20AD91F2AAA1DEE007FBB02 = {
						CreatedOnToolsVersion = 14.3.1;
					};
					B20AD92F2AAA1DEF007FBB02 = {
						CreatedOnToolsVersion = 14.3.1;
						TestTargetID = B20AD91F2AAA1DEE007FBB02;
					};
					B20AD9392AAA1DEF007FBB02 = {
						CreatedOnToolsVersion = 14.3.1;
						TestTargetID = B20AD91F2AAA1DEE007FBB02;
					};
				};
			};
			buildConfigurationList = B20AD91B2AAA1DEE007FBB02 /* Build configuration list for PBXProject "iExpenseREDO" */;
			compatibilityVersion = "Xcode 14.0";
			developmentRegion = en;
			hasScannedForEncodings = 0;
			knownRegions = (
				en,
				Base,
			);
			mainGroup = B20AD9172AAA1DEE007FBB02;
			productRefGroup = B20AD9212AAA1DEE007FBB02 /* Products */;
			projectDirPath = "";
			projectRoot = "";
			targets = (
				B20AD91F2AAA1DEE007FBB02 /* iExpenseREDO */,
				B20AD92F2AAA1DEF007FBB02 /* iExpenseREDOTests */,
				B20AD9392AAA1DEF007FBB02 /* iExpenseREDOUITests */,
			);
		};
/* End PBXProject section */

/* Begin PBXResourcesBuildPhase section */
		B20AD91E2AAA1DEE007FBB02 /* Resources */ = {
			isa = PBXResourcesBuildPhase;
			buildActionMask = 2147483647;
			files = (
				B20AD92B2AAA1DEF007FBB02 /* Preview Assets.xcassets in Resources */,
				B20AD9282AAA1DEF007FBB02 /* Assets.xcassets in Resources */,
			);
			runOnlyForDeploymentPostprocessing = 0;
		};
		B20AD92E2AAA1DEF007FBB02 /* Resources */ = {
			isa = PBXResourcesBuildPhase;
			buildActionMask = 2147483647;
			files = (
			);
			runOnlyForDeploymentPostprocessing = 0;
		};
		B20AD9382AAA1DEF007FBB02 /* Resources */ = {
			isa = PBXResourcesBuildPhase;
			buildActionMask = 2147483647;
			files = (
			);
			runOnlyForDeploymentPostprocessing = 0;
		};
/* End PBXResourcesBuildPhase section */

/* Begin PBXSourcesBuildPhase section */
		B20AD91C2AAA1DEE007FBB02 /* Sources */ = {
			isa = PBXSourcesBuildPhase;
			buildActionMask = 2147483647;
			files = (
				B20AD9262AAA1DEE007FBB02 /* ContentView.swift in Sources */,
				B20AD94E2AAA2455007FBB02 /* ExpenseItem.swift in Sources */,
				B20AD9242AAA1DEE007FBB02 /* iExpenseREDOApp.swift in Sources */,
			);
			runOnlyForDeploymentPostprocessing = 0;
		};
		B20AD92C2AAA1DEF007FBB02 /* Sources */ = {
			isa = PBXSourcesBuildPhase;
			buildActionMask = 2147483647;
			files = (
				B20AD9352AAA1DEF007FBB02 /* iExpenseREDOTests.swift in Sources */,
			);
			runOnlyForDeploymentPostprocessing = 0;
		};
		B20AD9362AAA1DEF007FBB02 /* Sources */ = {
			isa = PBXSourcesBuildPhase;
			buildActionMask = 2147483647;
			files = (
				B20AD93F2AAA1DEF007FBB02 /* iExpenseREDOUITests.swift in Sources */,
				B20AD9412AAA1DEF007FBB02 /* iExpenseREDOUITestsLaunchTests.swift in Sources */,
			);
			runOnlyForDeploymentPostprocessing = 0;
		};
/* End PBXSourcesBuildPhase section */

/* Begin PBXTargetDependency section */
		B20AD9322AAA1DEF007FBB02 /* PBXTargetDependency */ = {
			isa = PBXTargetDependency;
			target = B20AD91F2AAA1DEE007FBB02 /* iExpenseREDO */;
			targetProxy = B20AD9312AAA1DEF007FBB02 /* PBXContainerItemProxy */;
		};
		B20AD93C2AAA1DEF007FBB02 /* PBXTargetDependency */ = {
			isa = PBXTargetDependency;
			target = B20AD91F2AAA1DEE007FBB02 /* iExpenseREDO */;
			targetProxy = B20AD93B2AAA1DEF007FBB02 /* PBXContainerItemProxy */;
		};
/* End PBXTargetDependency section */

/* Begin XCBuildConfiguration section */
		B20AD9422AAA1DEF007FBB02 /* Debug */ = {
			isa = XCBuildConfiguration;
			buildSettings = {
				ALWAYS_SEARCH_USER_PATHS = NO;
				CLANG_ANALYZER_NONNULL = YES;
				CLANG_ANALYZER_NUMBER_OBJECT_CONVERSION = YES_AGGRESSIVE;
				CLANG_CXX_LANGUAGE_STANDARD = "gnu++20";
				CLANG_ENABLE_MODULES = YES;
				CLANG_ENABLE_OBJC_ARC = YES;
				CLANG_ENABLE_OBJC_WEAK = YES;
				CLANG_WARN_BLOCK_CAPTURE_AUTORELEASING = YES;
				CLANG_WARN_BOOL_CONVERSION = YES;
				CLANG_WARN_COMMA = YES;
				CLANG_WARN_CONSTANT_CONVERSION = YES;
				CLANG_WARN_DEPRECATED_OBJC_IMPLEMENTATIONS = YES;
				CLANG_WARN_DIRECT_OBJC_ISA_USAGE = YES_ERROR;
				CLANG_WARN_DOCUMENTATION_COMMENTS = YES;
				CLANG_WARN_EMPTY_BODY = YES;
				CLANG_WARN_ENUM_CONVERSION = YES;
				CLANG_WARN_INFINITE_RECURSION = YES;
				CLANG_WARN_INT_CONVERSION = YES;
				CLANG_WARN_NON_LITERAL_NULL_CONVERSION = YES;
				CLANG_WARN_OBJC_IMPLICIT_RETAIN_SELF = YES;
				CLANG_WARN_OBJC_LITERAL_CONVERSION = YES;
				CLANG_WARN_OBJC_ROOT_CLASS = YES_ERROR;
				CLANG_WARN_QUOTED_INCLUDE_IN_FRAMEWORK_HEADER = YES;
				CLANG_WARN_RANGE_LOOP_ANALYSIS = YES;
				CLANG_WARN_STRICT_PROTOTYPES = YES;
				CLANG_WARN_SUSPICIOUS_MOVE = YES;
				CLANG_WARN_UNGUARDED_AVAILABILITY = YES_AGGRESSIVE;
				CLANG_WARN_UNREACHABLE_CODE = YES;
				CLANG_WARN__DUPLICATE_METHOD_MATCH = YES;
				COPY_PHASE_STRIP = NO;
				DEBUG_INFORMATION_FORMAT = dwarf;
				ENABLE_STRICT_OBJC_MSGSEND = YES;
				ENABLE_TESTABILITY = YES;
				GCC_C_LANGUAGE_STANDARD = gnu11;
				GCC_DYNAMIC_NO_PIC = NO;
				GCC_NO_COMMON_BLOCKS = YES;
				GCC_OPTIMIZATION_LEVEL = 0;
				GCC_PREPROCESSOR_DEFINITIONS = (
					"DEBUG=1",
					"$(inherited)",
				);
				GCC_WARN_64_TO_32_BIT_CONVERSION = YES;
				GCC_WARN_ABOUT_RETURN_TYPE = YES_ERROR;
				GCC_WARN_UNDECLARED_SELECTOR = YES;
				GCC_WARN_UNINITIALIZED_AUTOS = YES_AGGRESSIVE;
				GCC_WARN_UNUSED_FUNCTION = YES;
				GCC_WARN_UNUSED_VARIABLE = YES;
				IPHONEOS_DEPLOYMENT_TARGET = 16.4;
				MTL_ENABLE_DEBUG_INFO = INCLUDE_SOURCE;
				MTL_FAST_MATH = YES;
				ONLY_ACTIVE_ARCH = YES;
				SDKROOT = iphoneos;
				SWIFT_ACTIVE_COMPILATION_CONDITIONS = DEBUG;
				SWIFT_OPTIMIZATION_LEVEL = "-Onone";
			};
			name = Debug;
		};
		B20AD9432AAA1DEF007FBB02 /* Release */ = {
			isa = XCBuildConfiguration;
			buildSettings = {
				ALWAYS_SEARCH_USER_PATHS = NO;
				CLANG_ANALYZER_NONNULL = YES;
				CLANG_ANALYZER_NUMBER_OBJECT_CONVERSION = YES_AGGRESSIVE;
				CLANG_CXX_LANGUAGE_STANDARD = "gnu++20";
				CLANG_ENABLE_MODULES = YES;
				CLANG_ENABLE_OBJC_ARC = YES;
				CLANG_ENABLE_OBJC_WEAK = YES;
				CLANG_WARN_BLOCK_CAPTURE_AUTORELEASING = YES;
				CLANG_WARN_BOOL_CONVERSION = YES;
				CLANG_WARN_COMMA = YES;
				CLANG_WARN_CONSTANT_CONVERSION = YES;
				CLANG_WARN_DEPRECATED_OBJC_IMPLEMENTATIONS = YES;
				CLANG_WARN_DIRECT_OBJC_ISA_USAGE = YES_ERROR;
				CLANG_WARN_DOCUMENTATION_COMMENTS = YES;
				CLANG_WARN_EMPTY_BODY = YES;
				CLANG_WARN_ENUM_CONVERSION = YES;
				CLANG_WARN_INFINITE_RECURSION = YES;
				CLANG_WARN_INT_CONVERSION = YES;
				CLANG_WARN_NON_LITERAL_NULL_CONVERSION = YES;
				CLANG_WARN_OBJC_IMPLICIT_RETAIN_SELF = YES;
				CLANG_WARN_OBJC_LITERAL_CONVERSION = YES;
				CLANG_WARN_OBJC_ROOT_CLASS = YES_ERROR;
				CLANG_WARN_QUOTED_INCLUDE_IN_FRAMEWORK_HEADER = YES;
				CLANG_WARN_RANGE_LOOP_ANALYSIS = YES;
				CLANG_WARN_STRICT_PROTOTYPES = YES;
				CLANG_WARN_SUSPICIOUS_MOVE = YES;
				CLANG_WARN_UNGUARDED_AVAILABILITY = YES_AGGRESSIVE;
				CLANG_WARN_UNREACHABLE_CODE = YES;
				CLANG_WARN__DUPLICATE_METHOD_MATCH = YES;
				COPY_PHASE_STRIP = NO;
				DEBUG_INFORMATION_FORMAT = "dwarf-with-dsym";
				ENABLE_NS_ASSERTIONS = NO;
				ENABLE_STRICT_OBJC_MSGSEND = YES;
				GCC_C_LANGUAGE_STANDARD = gnu11;
				GCC_NO_COMMON_BLOCKS = YES;
				GCC_WARN_64_TO_32_BIT_CONVERSION = YES;
				GCC_WARN_ABOUT_RETURN_TYPE = YES_ERROR;
				GCC_WARN_UNDECLARED_SELECTOR = YES;
				GCC_WARN_UNINITIALIZED_AUTOS = YES_AGGRESSIVE;
				GCC_WARN_UNUSED_FUNCTION = YES;
				GCC_WARN_UNUSED_VARIABLE = YES;
				IPHONEOS_DEPLOYMENT_TARGET = 16.4;
				MTL_ENABLE_DEBUG_INFO = NO;
				MTL_FAST_MATH = YES;
				SDKROOT = iphoneos;
				SWIFT_COMPILATION_MODE = wholemodule;
				SWIFT_OPTIMIZATION_LEVEL = "-O";
				VALIDATE_PRODUCT = YES;
			};
			name = Release;
		};
		B20AD9452AAA1DEF007FBB02 /* Debug */ = {
			isa = XCBuildConfiguration;
			buildSettings = {
				ASSETCATALOG_COMPILER_APPICON_NAME = AppIcon;
				ASSETCATALOG_COMPILER_GLOBAL_ACCENT_COLOR_NAME = AccentColor;
				CODE_SIGN_STYLE = Automatic;
				CURRENT_PROJECT_VERSION = 1;
				DEVELOPMENT_ASSET_PATHS = "\"iExpenseREDO/Preview Content\"";
				ENABLE_PREVIEWS = YES;
				GENERATE_INFOPLIST_FILE = YES;
				INFOPLIST_KEY_UIApplicationSceneManifest_Generation = YES;
				INFOPLIST_KEY_UIApplicationSupportsIndirectInputEvents = YES;
				INFOPLIST_KEY_UILaunchScreen_Generation = YES;
				INFOPLIST_KEY_UISupportedInterfaceOrientations_iPad = "UIInterfaceOrientationPortrait UIInterfaceOrientationPortraitUpsideDown UIInterfaceOrientationLandscapeLeft UIInterfaceOrientationLandscapeRight";
				INFOPLIST_KEY_UISupportedInterfaceOrientations_iPhone = "UIInterfaceOrientationPortrait UIInterfaceOrientationLandscapeLeft UIInterfaceOrientationLandscapeRight";
				LD_RUNPATH_SEARCH_PATHS = (
					"$(inherited)",
					"@executable_path/Frameworks",
				);
				MARKETING_VERSION = 1.0;
				PRODUCT_BUNDLE_IDENTIFIER = micolCODES.iExpenseREDO;
				PRODUCT_NAME = "$(TARGET_NAME)";
				SWIFT_EMIT_LOC_STRINGS = YES;
				SWIFT_VERSION = 5.0;
				TARGETED_DEVICE_FAMILY = "1,2";
			};
			name = Debug;
		};
		B20AD9462AAA1DEF007FBB02 /* Release */ = {
			isa = XCBuildConfiguration;
			buildSettings = {
				ASSETCATALOG_COMPILER_APPICON_NAME = AppIcon;
				ASSETCATALOG_COMPILER_GLOBAL_ACCENT_COLOR_NAME = AccentColor;
				CODE_SIGN_STYLE = Automatic;
				CURRENT_PROJECT_VERSION = 1;
				DEVELOPMENT_ASSET_PATHS = "\"iExpenseREDO/Preview Content\"";
				ENABLE_PREVIEWS = YES;
				GENERATE_INFOPLIST_FILE = YES;
				INFOPLIST_KEY_UIApplicationSceneManifest_Generation = YES;
				INFOPLIST_KEY_UIApplicationSupportsIndirectInputEvents = YES;
				INFOPLIST_KEY_UILaunchScreen_Generation = YES;
				INFOPLIST_KEY_UISupportedInterfaceOrientations_iPad = "UIInterfaceOrientationPortrait UIInterfaceOrientationPortraitUpsideDown UIInterfaceOrientationLandscapeLeft UIInterfaceOrientationLandscapeRight";
				INFOPLIST_KEY_UISupportedInterfaceOrientations_iPhone = "UIInterfaceOrientationPortrait UIInterfaceOrientationLandscapeLeft UIInterfaceOrientationLandscapeRight";
				LD_RUNPATH_SEARCH_PATHS = (
					"$(inherited)",
					"@executable_path/Frameworks",
				);
				MARKETING_VERSION = 1.0;
				PRODUCT_BUNDLE_IDENTIFIER = micolCODES.iExpenseREDO;
				PRODUCT_NAME = "$(TARGET_NAME)";
				SWIFT_EMIT_LOC_STRINGS = YES;
				SWIFT_VERSION = 5.0;
				TARGETED_DEVICE_FAMILY = "1,2";
			};
			name = Release;
		};
		B20AD9482AAA1DEF007FBB02 /* Debug */ = {
			isa = XCBuildConfiguration;
			buildSettings = {
				ALWAYS_EMBED_SWIFT_STANDARD_LIBRARIES = YES;
				BUNDLE_LOADER = "$(TEST_HOST)";
				CODE_SIGN_STYLE = Automatic;
				CURRENT_PROJECT_VERSION = 1;
				GENERATE_INFOPLIST_FILE = YES;
				IPHONEOS_DEPLOYMENT_TARGET = 16.4;
				MARKETING_VERSION = 1.0;
				PRODUCT_BUNDLE_IDENTIFIER = micolCODES.iExpenseREDOTests;
				PRODUCT_NAME = "$(TARGET_NAME)";
				SWIFT_EMIT_LOC_STRINGS = NO;
				SWIFT_VERSION = 5.0;
				TARGETED_DEVICE_FAMILY = "1,2";
				TEST_HOST = "$(BUILT_PRODUCTS_DIR)/iExpenseREDO.app/$(BUNDLE_EXECUTABLE_FOLDER_PATH)/iExpenseREDO";
			};
			name = Debug;
		};
		B20AD9492AAA1DEF007FBB02 /* Release */ = {
			isa = XCBuildConfiguration;
			buildSettings = {
				ALWAYS_EMBED_SWIFT_STANDARD_LIBRARIES = YES;
				BUNDLE_LOADER = "$(TEST_HOST)";
				CODE_SIGN_STYLE = Automatic;
				CURRENT_PROJECT_VERSION = 1;
				GENERATE_INFOPLIST_FILE = YES;
				IPHONEOS_DEPLOYMENT_TARGET = 16.4;
				MARKETING_VERSION = 1.0;
				PRODUCT_BUNDLE_IDENTIFIER = micolCODES.iExpenseREDOTests;
				PRODUCT_NAME = "$(TARGET_NAME)";
				SWIFT_EMIT_LOC_STRINGS = NO;
				SWIFT_VERSION = 5.0;
				TARGETED_DEVICE_FAMILY = "1,2";
				TEST_HOST = "$(BUILT_PRODUCTS_DIR)/iExpenseREDO.app/$(BUNDLE_EXECUTABLE_FOLDER_PATH)/iExpenseREDO";
			};
			name = Release;
		};
		B20AD94B2AAA1DEF007FBB02 /* Debug */ = {
			isa = XCBuildConfiguration;
			buildSettings = {
				ALWAYS_EMBED_SWIFT_STANDARD_LIBRARIES = YES;
				CODE_SIGN_STYLE = Automatic;
				CURRENT_PROJECT_VERSION = 1;
				GENERATE_INFOPLIST_FILE = YES;
				MARKETING_VERSION = 1.0;
				PRODUCT_BUNDLE_IDENTIFIER = micolCODES.iExpenseREDOUITests;
				PRODUCT_NAME = "$(TARGET_NAME)";
				SWIFT_EMIT_LOC_STRINGS = NO;
				SWIFT_VERSION = 5.0;
				TARGETED_DEVICE_FAMILY = "1,2";
				TEST_TARGET_NAME = iExpenseREDO;
			};
			name = Debug;
		};
		B20AD94C2AAA1DEF007FBB02 /* Release */ = {
			isa = XCBuildConfiguration;
			buildSettings = {
				ALWAYS_EMBED_SWIFT_STANDARD_LIBRARIES = YES;
				CODE_SIGN_STYLE = Automatic;
				CURRENT_PROJECT_VERSION = 1;
				GENERATE_INFOPLIST_FILE = YES;
				MARKETING_VERSION = 1.0;
				PRODUCT_BUNDLE_IDENTIFIER = micolCODES.iExpenseREDOUITests;
				PRODUCT_NAME = "$(TARGET_NAME)";
				SWIFT_EMIT_LOC_STRINGS = NO;
				SWIFT_VERSION = 5.0;
				TARGETED_DEVICE_FAMILY = "1,2";
				TEST_TARGET_NAME = iExpenseREDO;
			};
			name = Release;
		};
/* End XCBuildConfiguration section */

/* Begin XCConfigurationList section */
		B20AD91B2AAA1DEE007FBB02 /* Build configuration list for PBXProject "iExpenseREDO" */ = {
			isa = XCConfigurationList;
			buildConfigurations = (
				B20AD9422AAA1DEF007FBB02 /* Debug */,
				B20AD9432AAA1DEF007FBB02 /* Release */,
			);
			defaultConfigurationIsVisible = 0;
			defaultConfigurationName = Release;
		};
		B20AD9442AAA1DEF007FBB02 /* Build configuration list for PBXNativeTarget "iExpenseREDO" */ = {
			isa = XCConfigurationList;
			buildConfigurations = (
				B20AD9452AAA1DEF007FBB02 /* Debug */,
				B20AD9462AAA1DEF007FBB02 /* Release */,
			);
			defaultConfigurationIsVisible = 0;
			defaultConfigurationName = Release;
		};
		B20AD9472AAA1DEF007FBB02 /* Build configuration list for PBXNativeTarget "iExpenseREDOTests" */ = {
			isa = XCConfigurationList;
			buildConfigurations = (
				B20AD9482AAA1DEF007FBB02 /* Debug */,
				B20AD9492AAA1DEF007FBB02 /* Release */,
			);
			defaultConfigurationIsVisible = 0;
			defaultConfigurationName = Release;
		};
		B20AD94A2AAA1DEF007FBB02 /* Build configuration list for PBXNativeTarget "iExpenseREDOUITests" */ = {
			isa = XCConfigurationList;
			buildConfigurations = (
				B20AD94B2AAA1DEF007FBB02 /* Debug */,
				B20AD94C2AAA1DEF007FBB02 /* Release */,
			);
			defaultConfigurationIsVisible = 0;
			defaultConfigurationName = Release;
		};
/* End XCConfigurationList section */
	};
	rootObject = B20AD9182AAA1DEE007FBB02 /* Project object */;
}
